---
- name: Install dnf-plugin-versionlock
  ansible.builtin.package:
    name: python3-dnf-plugin-versionlock
    state: present
  register: install_versionlock_result
  until: install_versionlock_result is success
  retries: 10
  delay: 2

- name: Add packname and version to versionlock.list
  ansible.builtin.lineinfile:
    path: /etc/yum/pluginconf.d/versionlock.list
    regexp: "^{{ item.name }}"
    line: "{{ item.name }}-{{ item.version }}-*.*"
    state: "{{ item.state | default(yum_versionlock_state) }}"
  with_items: "{{ yum_versionlock }}"
